
Microsoft Visual Studio Solution File, Format Version 12.00
# Visual Studio Version 16
VisualStudioVersion = 16.0.31112.23
MinimumVisualStudioVersion = 10.0.40219.1
Project("{FAE04EC0-301F-11D3-BF4B-00C04F79EFBC}") = "Lb6.1", "Lb6.1\Lb6.1.csproj", "{56D0274F-7C62-4E04-9177-6B44B3469CC3}"
EndProject
Project("{FAE04EC0-301F-11D3-BF4B-00C04F79EFBC}") = "Lb6.3", "Lb6.3\Lb6.3.csproj", "{4D60FA3A-BB6C-4BF8-8629-B158A72D193F}"
EndProject
Project("{FAE04EC0-301F-11D3-BF4B-00C04F79EFBC}") = "Lb6.2", "Lb6.2\Lb6.2.csproj", "{6620A529-C2C8-475E-A92C-DD1E356024C7}"
EndProject
Global
	GlobalSection(SolutionConfigurationPlatforms) = preSolution
		Debug|Any CPU = Debug|Any CPU
		Release|Any CPU = Release|Any CPU
	EndGlobalSection
	GlobalSection(ProjectConfigurationPlatforms) = postSolution
		{56D0274F-7C62-4E04-9177-6B44B3469CC3}.Debug|Any CPU.ActiveCfg = Debug|Any CPU
		{56D0274F-7C62-4E04-9177-6B44B3469CC3}.Debug|Any CPU.Build.0 = Debug|Any CPU
		{56D0274F-7C62-4E04-9177-6B44B3469CC3}.Release|Any CPU.ActiveCfg = Release|Any CPU
		{56D0274F-7C62-4E04-9177-6B44B3469CC3}.Release|Any CPU.Build.0 = Release|Any CPU
		{4D60FA3A-BB6C-4BF8-8629-B158A72D193F}.Debug|Any CPU.ActiveCfg = Debug|Any CPU
		{4D60FA3A-BB6C-4BF8-8629-B158A72D193F}.Debug|Any CPU.Build.0 = Debug|Any CPU
		{4D60FA3A-BB6C-4BF8-8629-B158A72D193F}.Release|Any CPU.ActiveCfg = Release|Any CPU
		{4D60FA3A-BB6C-4BF8-8629-B158A72D193F}.Release|Any CPU.Build.0 = Release|Any CPU
		{6620A529-C2C8-475E-A92C-DD1E356024C7}.Debug|Any CPU.ActiveCfg = Debug|Any CPU
		{6620A529-C2C8-475E-A92C-DD1E356024C7}.Debug|Any CPU.Build.0 = Debug|Any CPU
		{6620A529-C2C8-475E-A92C-DD1E356024C7}.Release|Any CPU.ActiveCfg = Release|Any CPU
		{6620A529-C2C8-475E-A92C-DD1E356024C7}.Release|Any CPU.Build.0 = Release|Any CPU
	EndGlobalSection
	GlobalSection(SolutionProperties) = preSolution
		HideSolutionNode = FALSE
	EndGlobalSection
	GlobalSection(ExtensibilityGlobals) = postSolution
		SolutionGuid = {9D263BE1-8701-4802-83D9-6F71250944AF}
	EndGlobalSection
EndGlobal
